// !$*UTF8*$!
{
	archiveVersion = 1;
	classes = {
	};
	objectVersion = 56;
	objects = {

/* Begin PBXBuildFile section */
		FBC5ADBF2BE6614200309492 /* Swift_ui_5App.swift in Sources */ = {isa = PBXBuildFile; fileRef = FBC5ADBE2BE6614200309492 /* Swift_ui_5App.swift */; };
		FBC5ADC12BE6614200309492 /* ContentView.swift in Sources */ = {isa = PBXBuildFile; fileRef = FBC5ADC02BE6614200309492 /* ContentView.swift */; };
		FBC5ADC32BE6614800309492 /* Assets.xcassets in Resources */ = {isa = PBXBuildFile; fileRef = FBC5ADC22BE6614800309492 /* Assets.xcassets */; };
		FBC5ADC62BE6614800309492 /* Preview Assets.xcassets in Resources */ = {isa = PBXBuildFile; fileRef = FBC5ADC52BE6614800309492 /* Preview Assets.xcassets */; };
		FBC5ADD02BE6614900309492 /* Swift_ui_5Tests.swift in Sources */ = {isa = PBXBuildFile; fileRef = FBC5ADCF2BE6614900309492 /* Swift_ui_5Tests.swift */; };
		FBC5ADDA2BE6614900309492 /* Swift_ui_5UITests.swift in Sources */ = {isa = PBXBuildFile; fileRef = FBC5ADD92BE6614900309492 /* Swift_ui_5UITests.swift */; };
		FBC5ADDC2BE6614900309492 /* Swift_ui_5UITestsLaunchTests.swift in Sources */ = {isa = PBXBuildFile; fileRef = FBC5ADDB2BE6614900309492 /* Swift_ui_5UITestsLaunchTests.swift */; };
/* End PBXBuildFile section */

/* Begin PBXContainerItemProxy section */
		FBC5ADCC2BE6614900309492 /* PBXContainerItemProxy */ = {
			isa = PBXContainerItemProxy;
			containerPortal = FBC5ADB32BE6614200309492 /* Project object */;
			proxyType = 1;
			remoteGlobalIDString = FBC5ADBA2BE6614200309492;
			remoteInfo = "Swift ui 5";
		};
		FBC5ADD62BE6614900309492 /* PBXContainerItemProxy */ = {
			isa = PBXContainerItemProxy;
			containerPortal = FBC5ADB32BE6614200309492 /* Project object */;
			proxyType = 1;
			remoteGlobalIDString = FBC5ADBA2BE6614200309492;
			remoteInfo = "Swift ui 5";
		};
/* End PBXContainerItemProxy section */

/* Begin PBXFileReference section */
		FBC5ADBB2BE6614200309492 /* Swift ui 5.app */ = {isa = PBXFileReference; explicitFileType = wrapper.application; includeInIndex = 0; path = "Swift ui 5.app"; sourceTree = BUILT_PRODUCTS_DIR; };
		FBC5ADBE2BE6614200309492 /* Swift_ui_5App.swift */ = {isa = PBXFileReference; lastKnownFileType = sourcecode.swift; path = Swift_ui_5App.swift; sourceTree = "<group>"; };
		FBC5ADC02BE6614200309492 /* ContentView.swift */ = {isa = PBXFileReference; lastKnownFileType = sourcecode.swift; path = ContentView.swift; sourceTree = "<group>"; };
		FBC5ADC22BE6614800309492 /* Assets.xcassets */ = {isa = PBXFileReference; lastKnownFileType = folder.assetcatalog; path = Assets.xcassets; sourceTree = "<group>"; };
		FBC5ADC52BE6614800309492 /* Preview Assets.xcassets */ = {isa = PBXFileReference; lastKnownFileType = folder.assetcatalog; path = "Preview Assets.xcassets"; sourceTree = "<group>"; };
		FBC5ADCB2BE6614900309492 /* Swift ui 5Tests.xctest */ = {isa = PBXFileReference; explicitFileType = wrapper.cfbundle; includeInIndex = 0; path = "Swift ui 5Tests.xctest"; sourceTree = BUILT_PRODUCTS_DIR; };
		FBC5ADCF2BE6614900309492 /* Swift_ui_5Tests.swift */ = {isa = PBXFileReference; lastKnownFileType = sourcecode.swift; path = Swift_ui_5Tests.swift; sourceTree = "<group>"; };
		FBC5ADD52BE6614900309492 /* Swift ui 5UITests.xctest */ = {isa = PBXFileReference; explicitFileType = wrapper.cfbundle; includeInIndex = 0; path = "Swift ui 5UITests.xctest"; sourceTree = BUILT_PRODUCTS_DIR; };
		FBC5ADD92BE6614900309492 /* Swift_ui_5UITests.swift */ = {isa = PBXFileReference; lastKnownFileType = sourcecode.swift; path = Swift_ui_5UITests.swift; sourceTree = "<group>"; };
		FBC5ADDB2BE6614900309492 /* Swift_ui_5UITestsLaunchTests.swift */ = {isa = PBXFileReference; lastKnownFileType = sourcecode.swift; path = Swift_ui_5UITestsLaunchTests.swift; sourceTree = "<group>"; };
/* End PBXFileReference section */

/* Begin PBXFrameworksBuildPhase section */
		FBC5ADB82BE6614200309492 /* Frameworks */ = {
			isa = PBXFrameworksBuildPhase;
			buildActionMask = 2147483647;
			files = (
			);
			runOnlyForDeploymentPostprocessing = 0;
		};
		FBC5ADC82BE6614900309492 /* Frameworks */ = {
			isa = PBXFrameworksBuildPhase;
			buildActionMask = 2147483647;
			files = (
			);
			runOnlyForDeploymentPostprocessing = 0;
		};
		FBC5ADD22BE6614900309492 /* Frameworks */ = {
			isa = PBXFrameworksBuildPhase;
			buildActionMask = 2147483647;
			files = (
			);
			runOnlyForDeploymentPostprocessing = 0;
		};
/* End PBXFrameworksBuildPhase section */

/* Begin PBXGroup section */
		FBC5ADB22BE6614200309492 = {
			isa = PBXGroup;
			children = (
				FBC5ADBD2BE6614200309492 /* Swift ui 5 */,
				FBC5ADCE2BE6614900309492 /* Swift ui 5Tests */,
				FBC5ADD82BE6614900309492 /* Swift ui 5UITests */,
				FBC5ADBC2BE6614200309492 /* Products */,
			);
			sourceTree = "<group>";
		};
		FBC5ADBC2BE6614200309492 /* Products */ = {
			isa = PBXGroup;
			children = (
				FBC5ADBB2BE6614200309492 /* Swift ui 5.app */,
				FBC5ADCB2BE6614900309492 /* Swift ui 5Tests.xctest */,
				FBC5ADD52BE6614900309492 /* Swift ui 5UITests.xctest */,
			);
			name = Products;
			sourceTree = "<group>";
		};
		FBC5ADBD2BE6614200309492 /* Swift ui 5 */ = {
			isa = PBXGroup;
			children = (
				FBC5ADBE2BE6614200309492 /* Swift_ui_5App.swift */,
				FBC5ADC02BE6614200309492 /* ContentView.swift */,
				FBC5ADC22BE6614800309492 /* Assets.xcassets */,
				FBC5ADC42BE6614800309492 /* Preview Content */,
			);
			path = "Swift ui 5";
			sourceTree = "<group>";
		};
		FBC5ADC42BE6614800309492 /* Preview Content */ = {
			isa = PBXGroup;
			children = (
				FBC5ADC52BE6614800309492 /* Preview Assets.xcassets */,
			);
			path = "Preview Content";
			sourceTree = "<group>";
		};
		FBC5ADCE2BE6614900309492 /* Swift ui 5Tests */ = {
			isa = PBXGroup;
			children = (
				FBC5ADCF2BE6614900309492 /* Swift_ui_5Tests.swift */,
			);
			path = "Swift ui 5Tests";
			sourceTree = "<group>";
		};
		FBC5ADD82BE6614900309492 /* Swift ui 5UITests */ = {
			isa = PBXGroup;
			children = (
				FBC5ADD92BE6614900309492 /* Swift_ui_5UITests.swift */,
				FBC5ADDB2BE6614900309492 /* Swift_ui_5UITestsLaunchTests.swift */,
			);
			path = "Swift ui 5UITests";
			sourceTree = "<group>";
		};
/* End PBXGroup section */

/* Begin PBXNativeTarget section */
		FBC5ADBA2BE6614200309492 /* Swift ui 5 */ = {
			isa = PBXNativeTarget;
			buildConfigurationList = FBC5ADDF2BE6614900309492 /* Build configuration list for PBXNativeTarget "Swift ui 5" */;
			buildPhases = (
				FBC5ADB72BE6614200309492 /* Sources */,
				FBC5ADB82BE6614200309492 /* Frameworks */,
				FBC5ADB92BE6614200309492 /* Resources */,
			);
			buildRules = (
			);
			dependencies = (
			);
			name = "Swift ui 5";
			productName = "Swift ui 5";
			productReference = FBC5ADBB2BE6614200309492 /* Swift ui 5.app */;
			productType = "com.apple.product-type.application";
		};
		FBC5ADCA2BE6614900309492 /* Swift ui 5Tests */ = {
			isa = PBXNativeTarget;
			buildConfigurationList = FBC5ADE22BE6614900309492 /* Build configuration list for PBXNativeTarget "Swift ui 5Tests" */;
			buildPhases = (
				FBC5ADC72BE6614900309492 /* Sources */,
				FBC5ADC82BE6614900309492 /* Frameworks */,
				FBC5ADC92BE6614900309492 /* Resources */,
			);
			buildRules = (
			);
			dependencies = (
				FBC5ADCD2BE6614900309492 /* PBXTargetDependency */,
			);
			name = "Swift ui 5Tests";
			productName = "Swift ui 5Tests";
			productReference = FBC5ADCB2BE6614900309492 /* Swift ui 5Tests.xctest */;
			productType = "com.apple.product-type.bundle.unit-test";
		};
		FBC5ADD42BE6614900309492 /* Swift ui 5UITests */ = {
			isa = PBXNativeTarget;
			buildConfigurationList = FBC5ADE52BE6614900309492 /* Build configuration list for PBXNativeTarget "Swift ui 5UITests" */;
			buildPhases = (
				FBC5ADD12BE6614900309492 /* Sources */,
				FBC5ADD22BE6614900309492 /* Frameworks */,
				FBC5ADD32BE6614900309492 /* Resources */,
			);
			buildRules = (
			);
			dependencies = (
				FBC5ADD72BE6614900309492 /* PBXTargetDependency */,
			);
			name = "Swift ui 5UITests";
			productName = "Swift ui 5UITests";
			productReference = FBC5ADD52BE6614900309492 /* Swift ui 5UITests.xctest */;
			productType = "com.apple.product-type.bundle.ui-testing";
		};
/* End PBXNativeTarget section */

/* Begin PBXProject section */
		FBC5ADB32BE6614200309492 /* Project object */ = {
			isa = PBXProject;
			attributes = {
				BuildIndependentTargetsInParallel = 1;
				LastSwiftUpdateCheck = 1520;
				LastUpgradeCheck = 1520;
				TargetAttributes = {
					FBC5ADBA2BE6614200309492 = {
						CreatedOnToolsVersion = 15.2;
					};
					FBC5ADCA2BE6614900309492 = {
						CreatedOnToolsVersion = 15.2;
						TestTargetID = FBC5ADBA2BE6614200309492;
					};
					FBC5ADD42BE6614900309492 = {
						CreatedOnToolsVersion = 15.2;
						TestTargetID = FBC5ADBA2BE6614200309492;
					};
				};
			};
			buildConfigurationList = FBC5ADB62BE6614200309492 /* Build configuration list for PBXProject "Swift ui 5" */;
			compatibilityVersion = "Xcode 14.0";
			developmentRegion = en;
			hasScannedForEncodings = 0;
			knownRegions = (
				en,
				Base,
			);
			mainGroup = FBC5ADB22BE6614200309492;
			productRefGroup = FBC5ADBC2BE6614200309492 /* Products */;
			projectDirPath = "";
			projectRoot = "";
			targets = (
				FBC5ADBA2BE6614200309492 /* Swift ui 5 */,
				FBC5ADCA2BE6614900309492 /* Swift ui 5Tests */,
				FBC5ADD42BE6614900309492 /* Swift ui 5UITests */,
			);
		};
/* End PBXProject section */

/* Begin PBXResourcesBuildPhase section */
		FBC5ADB92BE6614200309492 /* Resources */ = {
			isa = PBXResourcesBuildPhase;
			buildActionMask = 2147483647;
			files = (
				FBC5ADC62BE6614800309492 /* Preview Assets.xcassets in Resources */,
				FBC5ADC32BE6614800309492 /* Assets.xcassets in Resources */,
			);
			runOnlyForDeploymentPostprocessing = 0;
		};
		FBC5ADC92BE6614900309492 /* Resources */ = {
			isa = PBXResourcesBuildPhase;
			buildActionMask = 2147483647;
			files = (
			);
			runOnlyForDeploymentPostprocessing = 0;
		};
		FBC5ADD32BE6614900309492 /* Resources */ = {
			isa = PBXResourcesBuildPhase;
			buildActionMask = 2147483647;
			files = (
			);
			runOnlyForDeploymentPostprocessing = 0;
		};
/* End PBXResourcesBuildPhase section */

/* Begin PBXSourcesBuildPhase section */
		FBC5ADB72BE6614200309492 /* Sources */ = {
			isa = PBXSourcesBuildPhase;
			buildActionMask = 2147483647;
			files = (
				FBC5ADC12BE6614200309492 /* ContentView.swift in Sources */,
				FBC5ADBF2BE6614200309492 /* Swift_ui_5App.swift in Sources */,
			);
			runOnlyForDeploymentPostprocessing = 0;
		};
		FBC5ADC72BE6614900309492 /* Sources */ = {
			isa = PBXSourcesBuildPhase;
			buildActionMask = 2147483647;
			files = (
				FBC5ADD02BE6614900309492 /* Swift_ui_5Tests.swift in Sources */,
			);
			runOnlyForDeploymentPostprocessing = 0;
		};
		FBC5ADD12BE6614900309492 /* Sources */ = {
			isa = PBXSourcesBuildPhase;
			buildActionMask = 2147483647;
			files = (
				FBC5ADDC2BE6614900309492 /* Swift_ui_5UITestsLaunchTests.swift in Sources */,
				FBC5ADDA2BE6614900309492 /* Swift_ui_5UITests.swift in Sources */,
			);
			runOnlyForDeploymentPostprocessing = 0;
		};
/* End PBXSourcesBuildPhase section */

/* Begin PBXTargetDependency section */
		FBC5ADCD2BE6614900309492 /* PBXTargetDependency */ = {
			isa = PBXTargetDependency;
			target = FBC5ADBA2BE6614200309492 /* Swift ui 5 */;
			targetProxy = FBC5ADCC2BE6614900309492 /* PBXContainerItemProxy */;
		};
		FBC5ADD72BE6614900309492 /* PBXTargetDependency */ = {
			isa = PBXTargetDependency;
			target = FBC5ADBA2BE6614200309492 /* Swift ui 5 */;
			targetProxy = FBC5ADD62BE6614900309492 /* PBXContainerItemProxy */;
		};
/* End PBXTargetDependency section */

/* Begin XCBuildConfiguration section */
		FBC5ADDD2BE6614900309492 /* Debug */ = {
			isa = XCBuildConfiguration;
			buildSettings = {
				ALWAYS_SEARCH_USER_PATHS = NO;
				ASSETCATALOG_COMPILER_GENERATE_SWIFT_ASSET_SYMBOL_EXTENSIONS = YES;
				CLANG_ANALYZER_NONNULL = YES;
				CLANG_ANALYZER_NUMBER_OBJECT_CONVERSION = YES_AGGRESSIVE;
				CLANG_CXX_LANGUAGE_STANDARD = "gnu++20";
				CLANG_ENABLE_MODULES = YES;
				CLANG_ENABLE_OBJC_ARC = YES;
				CLANG_ENABLE_OBJC_WEAK = YES;
				CLANG_WARN_BLOCK_CAPTURE_AUTORELEASING = YES;
				CLANG_WARN_BOOL_CONVERSION = YES;
				CLANG_WARN_COMMA = YES;
				CLANG_WARN_CONSTANT_CONVERSION = YES;
				CLANG_WARN_DEPRECATED_OBJC_IMPLEMENTATIONS = YES;
				CLANG_WARN_DIRECT_OBJC_ISA_USAGE = YES_ERROR;
				CLANG_WARN_DOCUMENTATION_COMMENTS = YES;
				CLANG_WARN_EMPTY_BODY = YES;
				CLANG_WARN_ENUM_CONVERSION = YES;
				CLANG_WARN_INFINITE_RECURSION = YES;
				CLANG_WARN_INT_CONVERSION = YES;
				CLANG_WARN_NON_LITERAL_NULL_CONVERSION = YES;
				CLANG_WARN_OBJC_IMPLICIT_RETAIN_SELF = YES;
				CLANG_WARN_OBJC_LITERAL_CONVERSION = YES;
				CLANG_WARN_OBJC_ROOT_CLASS = YES_ERROR;
				CLANG_WARN_QUOTED_INCLUDE_IN_FRAMEWORK_HEADER = YES;
				CLANG_WARN_RANGE_LOOP_ANALYSIS = YES;
				CLANG_WARN_STRICT_PROTOTYPES = YES;
				CLANG_WARN_SUSPICIOUS_MOVE = YES;
				CLANG_WARN_UNGUARDED_AVAILABILITY = YES_AGGRESSIVE;
				CLANG_WARN_UNREACHABLE_CODE = YES;
				CLANG_WARN__DUPLICATE_METHOD_MATCH = YES;
				COPY_PHASE_STRIP = NO;
				DEBUG_INFORMATION_FORMAT = dwarf;
				ENABLE_STRICT_OBJC_MSGSEND = YES;
				ENABLE_TESTABILITY = YES;
				ENABLE_USER_SCRIPT_SANDBOXING = YES;
				GCC_C_LANGUAGE_STANDARD = gnu17;
				GCC_DYNAMIC_NO_PIC = NO;
				GCC_NO_COMMON_BLOCKS = YES;
				GCC_OPTIMIZATION_LEVEL = 0;
				GCC_PREPROCESSOR_DEFINITIONS = (
					"DEBUG=1",
					"$(inherited)",
				);
				GCC_WARN_64_TO_32_BIT_CONVERSION = YES;
				GCC_WARN_ABOUT_RETURN_TYPE = YES_ERROR;
				GCC_WARN_UNDECLARED_SELECTOR = YES;
				GCC_WARN_UNINITIALIZED_AUTOS = YES_AGGRESSIVE;
				GCC_WARN_UNUSED_FUNCTION = YES;
				GCC_WARN_UNUSED_VARIABLE = YES;
				IPHONEOS_DEPLOYMENT_TARGET = 17.2;
				LOCALIZATION_PREFERS_STRING_CATALOGS = YES;
				MTL_ENABLE_DEBUG_INFO = INCLUDE_SOURCE;
				MTL_FAST_MATH = YES;
				ONLY_ACTIVE_ARCH = YES;
				SDKROOT = iphoneos;
				SWIFT_ACTIVE_COMPILATION_CONDITIONS = "DEBUG $(inherited)";
				SWIFT_OPTIMIZATION_LEVEL = "-Onone";
			};
			name = Debug;
		};
		FBC5ADDE2BE6614900309492 /* Release */ = {
			isa = XCBuildConfiguration;
			buildSettings = {
				ALWAYS_SEARCH_USER_PATHS = NO;
				ASSETCATALOG_COMPILER_GENERATE_SWIFT_ASSET_SYMBOL_EXTENSIONS = YES;
				CLANG_ANALYZER_NONNULL = YES;
				CLANG_ANALYZER_NUMBER_OBJECT_CONVERSION = YES_AGGRESSIVE;
				CLANG_CXX_LANGUAGE_STANDARD = "gnu++20";
				CLANG_ENABLE_MODULES = YES;
				CLANG_ENABLE_OBJC_ARC = YES;
				CLANG_ENABLE_OBJC_WEAK = YES;
				CLANG_WARN_BLOCK_CAPTURE_AUTORELEASING = YES;
				CLANG_WARN_BOOL_CONVERSION = YES;
				CLANG_WARN_COMMA = YES;
				CLANG_WARN_CONSTANT_CONVERSION = YES;
				CLANG_WARN_DEPRECATED_OBJC_IMPLEMENTATIONS = YES;
				CLANG_WARN_DIRECT_OBJC_ISA_USAGE = YES_ERROR;
				CLANG_WARN_DOCUMENTATION_COMMENTS = YES;
				CLANG_WARN_EMPTY_BODY = YES;
				CLANG_WARN_ENUM_CONVERSION = YES;
				CLANG_WARN_INFINITE_RECURSION = YES;
				CLANG_WARN_INT_CONVERSION = YES;
				CLANG_WARN_NON_LITERAL_NULL_CONVERSION = YES;
				CLANG_WARN_OBJC_IMPLICIT_RETAIN_SELF = YES;
				CLANG_WARN_OBJC_LITERAL_CONVERSION = YES;
				CLANG_WARN_OBJC_ROOT_CLASS = YES_ERROR;
				CLANG_WARN_QUOTED_INCLUDE_IN_FRAMEWORK_HEADER = YES;
				CLANG_WARN_RANGE_LOOP_ANALYSIS = YES;
				CLANG_WARN_STRICT_PROTOTYPES = YES;
				CLANG_WARN_SUSPICIOUS_MOVE = YES;
				CLANG_WARN_UNGUARDED_AVAILABILITY = YES_AGGRESSIVE;
				CLANG_WARN_UNREACHABLE_CODE = YES;
				CLANG_WARN__DUPLICATE_METHOD_MATCH = YES;
				COPY_PHASE_STRIP = NO;
				DEBUG_INFORMATION_FORMAT = "dwarf-with-dsym";
				ENABLE_NS_ASSERTIONS = NO;
				ENABLE_STRICT_OBJC_MSGSEND = YES;
				ENABLE_USER_SCRIPT_SANDBOXING = YES;
				GCC_C_LANGUAGE_STANDARD = gnu17;
				GCC_NO_COMMON_BLOCKS = YES;
				GCC_WARN_64_TO_32_BIT_CONVERSION = YES;
				GCC_WARN_ABOUT_RETURN_TYPE = YES_ERROR;
				GCC_WARN_UNDECLARED_SELECTOR = YES;
				GCC_WARN_UNINITIALIZED_AUTOS = YES_AGGRESSIVE;
				GCC_WARN_UNUSED_FUNCTION = YES;
				GCC_WARN_UNUSED_VARIABLE = YES;
				IPHONEOS_DEPLOYMENT_TARGET = 17.2;
				LOCALIZATION_PREFERS_STRING_CATALOGS = YES;
				MTL_ENABLE_DEBUG_INFO = NO;
				MTL_FAST_MATH = YES;
				SDKROOT = iphoneos;
				SWIFT_COMPILATION_MODE = wholemodule;
				VALIDATE_PRODUCT = YES;
			};
			name = Release;
		};
		FBC5ADE02BE6614900309492 /* Debug */ = {
			isa = XCBuildConfiguration;
			buildSettings = {
				ASSETCATALOG_COMPILER_APPICON_NAME = AppIcon;
				ASSETCATALOG_COMPILER_GLOBAL_ACCENT_COLOR_NAME = AccentColor;
				CODE_SIGN_STYLE = Automatic;
				CURRENT_PROJECT_VERSION = 1;
				DEVELOPMENT_ASSET_PATHS = "\"Swift ui 5/Preview Content\"";
				DEVELOPMENT_TEAM = 5QBUTFAAPM;
				ENABLE_PREVIEWS = YES;
				GENERATE_INFOPLIST_FILE = YES;
				INFOPLIST_KEY_UIApplicationSceneManifest_Generation = YES;
				INFOPLIST_KEY_UIApplicationSupportsIndirectInputEvents = YES;
				INFOPLIST_KEY_UILaunchScreen_Generation = YES;
				INFOPLIST_KEY_UISupportedInterfaceOrientations_iPad = "UIInterfaceOrientationPortrait UIInterfaceOrientationPortraitUpsideDown UIInterfaceOrientationLandscapeLeft UIInterfaceOrientationLandscapeRight";
				INFOPLIST_KEY_UISupportedInterfaceOrientations_iPhone = "UIInterfaceOrientationPortrait UIInterfaceOrientationLandscapeLeft UIInterfaceOrientationLandscapeRight";
				LD_RUNPATH_SEARCH_PATHS = (
					"$(inherited)",
					"@executable_path/Frameworks",
				);
				MARKETING_VERSION = 1.0;
				PRODUCT_BUNDLE_IDENTIFIER = "com.kozlov.Swift-ui-5";
				PRODUCT_NAME = "$(TARGET_NAME)";
				SWIFT_EMIT_LOC_STRINGS = YES;
				SWIFT_VERSION = 5.0;
				TARGETED_DEVICE_FAMILY = "1,2";
			};
			name = Debug;
		};
		FBC5ADE12BE6614900309492 /* Release */ = {
			isa = XCBuildConfiguration;
			buildSettings = {
				ASSETCATALOG_COMPILER_APPICON_NAME = AppIcon;
				ASSETCATALOG_COMPILER_GLOBAL_ACCENT_COLOR_NAME = AccentColor;
				CODE_SIGN_STYLE = Automatic;
				CURRENT_PROJECT_VERSION = 1;
				DEVELOPMENT_ASSET_PATHS = "\"Swift ui 5/Preview Content\"";
				DEVELOPMENT_TEAM = 5QBUTFAAPM;
				ENABLE_PREVIEWS = YES;
				GENERATE_INFOPLIST_FILE = YES;
				INFOPLIST_KEY_UIApplicationSceneManifest_Generation = YES;
				INFOPLIST_KEY_UIApplicationSupportsIndirectInputEvents = YES;
				INFOPLIST_KEY_UILaunchScreen_Generation = YES;
				INFOPLIST_KEY_UISupportedInterfaceOrientations_iPad = "UIInterfaceOrientationPortrait UIInterfaceOrientationPortraitUpsideDown UIInterfaceOrientationLandscapeLeft UIInterfaceOrientationLandscapeRight";
				INFOPLIST_KEY_UISupportedInterfaceOrientations_iPhone = "UIInterfaceOrientationPortrait UIInterfaceOrientationLandscapeLeft UIInterfaceOrientationLandscapeRight";
				LD_RUNPATH_SEARCH_PATHS = (
					"$(inherited)",
					"@executable_path/Frameworks",
				);
				MARKETING_VERSION = 1.0;
				PRODUCT_BUNDLE_IDENTIFIER = "com.kozlov.Swift-ui-5";
				PRODUCT_NAME = "$(TARGET_NAME)";
				SWIFT_EMIT_LOC_STRINGS = YES;
				SWIFT_VERSION = 5.0;
				TARGETED_DEVICE_FAMILY = "1,2";
			};
			name = Release;
		};
		FBC5ADE32BE6614900309492 /* Debug */ = {
			isa = XCBuildConfiguration;
			buildSettings = {
				ALWAYS_EMBED_SWIFT_STANDARD_LIBRARIES = YES;
				BUNDLE_LOADER = "$(TEST_HOST)";
				CODE_SIGN_STYLE = Automatic;
				CURRENT_PROJECT_VERSION = 1;
				DEVELOPMENT_TEAM = 5QBUTFAAPM;
				GENERATE_INFOPLIST_FILE = YES;
				IPHONEOS_DEPLOYMENT_TARGET = 17.2;
				MARKETING_VERSION = 1.0;
				PRODUCT_BUNDLE_IDENTIFIER = "com.kozlov.Swift-ui-5Tests";
				PRODUCT_NAME = "$(TARGET_NAME)";
				SWIFT_EMIT_LOC_STRINGS = NO;
				SWIFT_VERSION = 5.0;
				TARGETED_DEVICE_FAMILY = "1,2";
				TEST_HOST = "$(BUILT_PRODUCTS_DIR)/Swift ui 5.app/$(BUNDLE_EXECUTABLE_FOLDER_PATH)/Swift ui 5";
			};
			name = Debug;
		};
		FBC5ADE42BE6614900309492 /* Release */ = {
			isa = XCBuildConfiguration;
			buildSettings = {
				ALWAYS_EMBED_SWIFT_STANDARD_LIBRARIES = YES;
				BUNDLE_LOADER = "$(TEST_HOST)";
				CODE_SIGN_STYLE = Automatic;
				CURRENT_PROJECT_VERSION = 1;
				DEVELOPMENT_TEAM = 5QBUTFAAPM;
				GENERATE_INFOPLIST_FILE = YES;
				IPHONEOS_DEPLOYMENT_TARGET = 17.2;
				MARKETING_VERSION = 1.0;
				PRODUCT_BUNDLE_IDENTIFIER = "com.kozlov.Swift-ui-5Tests";
				PRODUCT_NAME = "$(TARGET_NAME)";
				SWIFT_EMIT_LOC_STRINGS = NO;
				SWIFT_VERSION = 5.0;
				TARGETED_DEVICE_FAMILY = "1,2";
				TEST_HOST = "$(BUILT_PRODUCTS_DIR)/Swift ui 5.app/$(BUNDLE_EXECUTABLE_FOLDER_PATH)/Swift ui 5";
			};
			name = Release;
		};
		FBC5ADE62BE6614900309492 /* Debug */ = {
			isa = XCBuildConfiguration;
			buildSettings = {
				ALWAYS_EMBED_SWIFT_STANDARD_LIBRARIES = YES;
				CODE_SIGN_STYLE = Automatic;
				CURRENT_PROJECT_VERSION = 1;
				DEVELOPMENT_TEAM = 5QBUTFAAPM;
				GENERATE_INFOPLIST_FILE = YES;
				MARKETING_VERSION = 1.0;
				PRODUCT_BUNDLE_IDENTIFIER = "com.kozlov.Swift-ui-5UITests";
				PRODUCT_NAME = "$(TARGET_NAME)";
				SWIFT_EMIT_LOC_STRINGS = NO;
				SWIFT_VERSION = 5.0;
				TARGETED_DEVICE_FAMILY = "1,2";
				TEST_TARGET_NAME = "Swift ui 5";
			};
			name = Debug;
		};
		FBC5ADE72BE6614900309492 /* Release */ = {
			isa = XCBuildConfiguration;
			buildSettings = {
				ALWAYS_EMBED_SWIFT_STANDARD_LIBRARIES = YES;
				CODE_SIGN_STYLE = Automatic;
				CURRENT_PROJECT_VERSION = 1;
				DEVELOPMENT_TEAM = 5QBUTFAAPM;
				GENERATE_INFOPLIST_FILE = YES;
				MARKETING_VERSION = 1.0;
				PRODUCT_BUNDLE_IDENTIFIER = "com.kozlov.Swift-ui-5UITests";
				PRODUCT_NAME = "$(TARGET_NAME)";
				SWIFT_EMIT_LOC_STRINGS = NO;
				SWIFT_VERSION = 5.0;
				TARGETED_DEVICE_FAMILY = "1,2";
				TEST_TARGET_NAME = "Swift ui 5";
			};
			name = Release;
		};
/* End XCBuildConfiguration section */

/* Begin XCConfigurationList section */
		FBC5ADB62BE6614200309492 /* Build configuration list for PBXProject "Swift ui 5" */ = {
			isa = XCConfigurationList;
			buildConfigurations = (
				FBC5ADDD2BE6614900309492 /* Debug */,
				FBC5ADDE2BE6614900309492 /* Release */,
			);
			defaultConfigurationIsVisible = 0;
			defaultConfigurationName = Release;
		};
		FBC5ADDF2BE6614900309492 /* Build configuration list for PBXNativeTarget "Swift ui 5" */ = {
			isa = XCConfigurationList;
			buildConfigurations = (
				FBC5ADE02BE6614900309492 /* Debug */,
				FBC5ADE12BE6614900309492 /* Release */,
			);
			defaultConfigurationIsVisible = 0;
			defaultConfigurationName = Release;
		};
		FBC5ADE22BE6614900309492 /* Build configuration list for PBXNativeTarget "Swift ui 5Tests" */ = {
			isa = XCConfigurationList;
			buildConfigurations = (
				FBC5ADE32BE6614900309492 /* Debug */,
				FBC5ADE42BE6614900309492 /* Release */,
			);
			defaultConfigurationIsVisible = 0;
			defaultConfigurationName = Release;
		};
		FBC5ADE52BE6614900309492 /* Build configuration list for PBXNativeTarget "Swift ui 5UITests" */ = {
			isa = XCConfigurationList;
			buildConfigurations = (
				FBC5ADE62BE6614900309492 /* Debug */,
				FBC5ADE72BE6614900309492 /* Release */,
			);
			defaultConfigurationIsVisible = 0;
			defaultConfigurationName = Release;
		};
/* End XCConfigurationList section */
	};
	rootObject = FBC5ADB32BE6614200309492 /* Project object */;
}
